
Microsoft Visual Studio Solution File, Format Version 12.00
# Visual Studio Version 16
VisualStudioVersion = 16.0.30709.132
MinimumVisualStudioVersion = 10.0.40219.1
Project("{FAE04EC0-301F-11D3-BF4B-00C04F79EFBC}") = "OS Project", "OS Project\OS Project.csproj", "{6B165859-B746-4FB3-8CC7-6CDC9DB74980}"
EndProject
Global
	GlobalSection(SolutionConfigurationPlatforms) = preSolution
		Debug|Any CPU = Debug|Any CPU
		Release|Any CPU = Release|Any CPU
	EndGlobalSection
	GlobalSection(ProjectConfigurationPlatforms) = postSolution
		{6B165859-B746-4FB3-8CC7-6CDC9DB74980}.Debug|Any CPU.ActiveCfg = Debug|Any CPU
		{6B165859-B746-4FB3-8CC7-6CDC9DB74980}.Debug|Any CPU.Build.0 = Debug|Any CPU
		{6B165859-B746-4FB3-8CC7-6CDC9DB74980}.Release|Any CPU.ActiveCfg = Release|Any CPU
		{6B165859-B746-4FB3-8CC7-6CDC9DB74980}.Release|Any CPU.Build.0 = Release|Any CPU
	EndGlobalSection
	GlobalSection(SolutionProperties) = preSolution
		HideSolutionNode = FALSE
	EndGlobalSection
	GlobalSection(ExtensibilityGlobals) = postSolution
		SolutionGuid = {94DF2733-F719-446A-A82F-E2A02031BD00}
	EndGlobalSection
EndGlobal
